{
    "_readme": [
        "This file locks the dependencies of your project to a known state",
        "Read more about it at https://getcomposer.org/doc/01-basic-usage.md#composer-lock-the-lock-file",
        "This file is @generated automatically"
    ],
    "content-hash": "1beb66a063c7ffa7e28dcb553fdb62ea",
    "packages": [
        {
            "name": "purhur/feature-flags",
            "version": "dev-master",
            "source": {
                "type": "git",
                "url": "https://github.com/PurHur/FeatureFlags.git",
                "reference": "9975140335ecfe6a86379dc21a66eaa91ae30ca5"
            },
            "dist": {
                "type": "zip",
                "url": "https://api.github.com/repos/PurHur/FeatureFlags/zipball/9975140335ecfe6a86379dc21a66eaa91ae30ca5",
                "reference": "9975140335ecfe6a86379dc21a66eaa91ae30ca5",
                "shasum": ""
            },
            "require": {
                "php": ">=7.0"
            },
            "require-dev": {
                "phpunit/phpunit": "^7.0 || ^6.4 || ^5.7 || ^4.8.35"
            },
            "type": "library",
            "autoload": {
                "psr-4": {
                    "FeatureFlags\\": "src/FeatureFlags/"
                }
            },
            "notification-url": "https://packagist.org/downloads/",
            "license": [
                "MIT"
            ],
            "authors": [
                {
                    "name": "PurHur",
                    "email": "purhur@purh.pw"
                }
            ],
            "description": "This is a basic implementation of feature flags and their diffrent uses",
            "homepage": "https://github.com/purhur/feature-flags",
            "time": "2019-05-09T13:17:15+00:00"
        }
    ],
    "packages-dev": [],
    "aliases": [],
    "minimum-stability": "dev",
    "stability-flags": [],
    "prefer-stable": false,
    "prefer-lowest": false,
    "platform": [],
    "platform-dev": []
}
